
Microsoft Visual Studio Solution File, Format Version 12.00
# Visual Studio Version 17
VisualStudioVersion = 17.5.33516.290
MinimumVisualStudioVersion = 10.0.40219.1
Project("{FAE04EC0-301F-11D3-BF4B-00C04F79EFBC}") = "OnlyTime", "OnlyTime\OnlyTime.csproj", "{53C4EC2B-2108-47F9-A85F-A83973715FE4}"
EndProject
Global
	GlobalSection(SolutionConfigurationPlatforms) = preSolution
		Debug|Any CPU = Debug|Any CPU
		Release|Any CPU = Release|Any CPU
	EndGlobalSection
	GlobalSection(ProjectConfigurationPlatforms) = postSolution
		{53C4EC2B-2108-47F9-A85F-A83973715FE4}.Debug|Any CPU.ActiveCfg = Debug|Any CPU
		{53C4EC2B-2108-47F9-A85F-A83973715FE4}.Debug|Any CPU.Build.0 = Debug|Any CPU
		{53C4EC2B-2108-47F9-A85F-A83973715FE4}.Release|Any CPU.ActiveCfg = Release|Any CPU
		{53C4EC2B-2108-47F9-A85F-A83973715FE4}.Release|Any CPU.Build.0 = Release|Any CPU
	EndGlobalSection
	GlobalSection(SolutionProperties) = preSolution
		HideSolutionNode = FALSE
	EndGlobalSection
	GlobalSection(ExtensibilityGlobals) = postSolution
		SolutionGuid = {C153ADC6-33CE-405A-969E-9AB350ADA529}
	EndGlobalSection
EndGlobal
