
Microsoft Visual Studio Solution File, Format Version 12.00
# Visual Studio Version 17
VisualStudioVersion = 17.5.33516.290
MinimumVisualStudioVersion = 10.0.40219.1
Project("{FAE04EC0-301F-11D3-BF4B-00C04F79EFBC}") = "HomeworkAbstractClass", "HomeworkAbstractClass\HomeworkAbstractClass.csproj", "{24E740D3-95B5-40EB-BDC4-5208F75A1E97}"
EndProject
Global
	GlobalSection(SolutionConfigurationPlatforms) = preSolution
		Debug|Any CPU = Debug|Any CPU
		Release|Any CPU = Release|Any CPU
	EndGlobalSection
	GlobalSection(ProjectConfigurationPlatforms) = postSolution
		{24E740D3-95B5-40EB-BDC4-5208F75A1E97}.Debug|Any CPU.ActiveCfg = Debug|Any CPU
		{24E740D3-95B5-40EB-BDC4-5208F75A1E97}.Debug|Any CPU.Build.0 = Debug|Any CPU
		{24E740D3-95B5-40EB-BDC4-5208F75A1E97}.Release|Any CPU.ActiveCfg = Release|Any CPU
		{24E740D3-95B5-40EB-BDC4-5208F75A1E97}.Release|Any CPU.Build.0 = Release|Any CPU
	EndGlobalSection
	GlobalSection(SolutionProperties) = preSolution
		HideSolutionNode = FALSE
	EndGlobalSection
	GlobalSection(ExtensibilityGlobals) = postSolution
		SolutionGuid = {72F419E4-D0EA-473A-957C-5478AD0B6F05}
	EndGlobalSection
EndGlobal
