
Microsoft Visual Studio Solution File, Format Version 12.00
# Visual Studio Version 17
VisualStudioVersion = 17.5.33516.290
MinimumVisualStudioVersion = 10.0.40219.1
Project("{FAE04EC0-301F-11D3-BF4B-00C04F79EFBC}") = "ConsoleUI", "ConsoleUI\ConsoleUI.csproj", "{A18BB65A-3AC7-451F-B371-270D87E4D51F}"
EndProject
Global
	GlobalSection(SolutionConfigurationPlatforms) = preSolution
		Debug|Any CPU = Debug|Any CPU
		Release|Any CPU = Release|Any CPU
	EndGlobalSection
	GlobalSection(ProjectConfigurationPlatforms) = postSolution
		{A18BB65A-3AC7-451F-B371-270D87E4D51F}.Debug|Any CPU.ActiveCfg = Debug|Any CPU
		{A18BB65A-3AC7-451F-B371-270D87E4D51F}.Debug|Any CPU.Build.0 = Debug|Any CPU
		{A18BB65A-3AC7-451F-B371-270D87E4D51F}.Release|Any CPU.ActiveCfg = Release|Any CPU
		{A18BB65A-3AC7-451F-B371-270D87E4D51F}.Release|Any CPU.Build.0 = Release|Any CPU
	EndGlobalSection
	GlobalSection(SolutionProperties) = preSolution
		HideSolutionNode = FALSE
	EndGlobalSection
	GlobalSection(ExtensibilityGlobals) = postSolution
		SolutionGuid = {C3AA1EC1-FAF6-49D0-AECD-941B3D93ABE0}
	EndGlobalSection
EndGlobal
