
Microsoft Visual Studio Solution File, Format Version 12.00
# Visual Studio Version 17
VisualStudioVersion = 17.5.33516.290
MinimumVisualStudioVersion = 10.0.40219.1
Project("{FAE04EC0-301F-11D3-BF4B-00C04F79EFBC}") = "HomeworkAdvancedBreakPoints", "HomeworkAdvancedBreakPoints\HomeworkAdvancedBreakPoints.csproj", "{2EA87F40-44E3-470A-A1A2-01F582C81007}"
EndProject
Global
	GlobalSection(SolutionConfigurationPlatforms) = preSolution
		Debug|Any CPU = Debug|Any CPU
		Release|Any CPU = Release|Any CPU
	EndGlobalSection
	GlobalSection(ProjectConfigurationPlatforms) = postSolution
		{2EA87F40-44E3-470A-A1A2-01F582C81007}.Debug|Any CPU.ActiveCfg = Debug|Any CPU
		{2EA87F40-44E3-470A-A1A2-01F582C81007}.Debug|Any CPU.Build.0 = Debug|Any CPU
		{2EA87F40-44E3-470A-A1A2-01F582C81007}.Release|Any CPU.ActiveCfg = Release|Any CPU
		{2EA87F40-44E3-470A-A1A2-01F582C81007}.Release|Any CPU.Build.0 = Release|Any CPU
	EndGlobalSection
	GlobalSection(SolutionProperties) = preSolution
		HideSolutionNode = FALSE
	EndGlobalSection
	GlobalSection(ExtensibilityGlobals) = postSolution
		SolutionGuid = {96F7F154-13DF-4D71-9693-80774CD5E89A}
	EndGlobalSection
EndGlobal
