
Microsoft Visual Studio Solution File, Format Version 12.00
# Visual Studio Version 17
VisualStudioVersion = 17.5.33530.505
MinimumVisualStudioVersion = 10.0.40219.1
Project("{FAE04EC0-301F-11D3-BF4B-00C04F79EFBC}") = "MiniProjectWPF", "MiniProjectWPF\MiniProjectWPF.csproj", "{B2322C29-B196-4BD1-9CD6-0D298821FF5F}"
EndProject
Global
	GlobalSection(SolutionConfigurationPlatforms) = preSolution
		Debug|Any CPU = Debug|Any CPU
		Release|Any CPU = Release|Any CPU
	EndGlobalSection
	GlobalSection(ProjectConfigurationPlatforms) = postSolution
		{B2322C29-B196-4BD1-9CD6-0D298821FF5F}.Debug|Any CPU.ActiveCfg = Debug|Any CPU
		{B2322C29-B196-4BD1-9CD6-0D298821FF5F}.Debug|Any CPU.Build.0 = Debug|Any CPU
		{B2322C29-B196-4BD1-9CD6-0D298821FF5F}.Release|Any CPU.ActiveCfg = Release|Any CPU
		{B2322C29-B196-4BD1-9CD6-0D298821FF5F}.Release|Any CPU.Build.0 = Release|Any CPU
	EndGlobalSection
	GlobalSection(SolutionProperties) = preSolution
		HideSolutionNode = FALSE
	EndGlobalSection
	GlobalSection(ExtensibilityGlobals) = postSolution
		SolutionGuid = {35ABEED6-2881-4AB7-8F4A-6229BA744471}
	EndGlobalSection
EndGlobal
