
Microsoft Visual Studio Solution File, Format Version 12.00
# Visual Studio Version 17
VisualStudioVersion = 17.5.33530.505
MinimumVisualStudioVersion = 10.0.40219.1
Project("{FAE04EC0-301F-11D3-BF4B-00C04F79EFBC}") = "BlazorServerMessageWall", "BlazorServerMessageWall\BlazorServerMessageWall.csproj", "{ED57DC1A-B83A-4845-89E9-6831C947CD21}"
EndProject
Global
	GlobalSection(SolutionConfigurationPlatforms) = preSolution
		Debug|Any CPU = Debug|Any CPU
		Release|Any CPU = Release|Any CPU
	EndGlobalSection
	GlobalSection(ProjectConfigurationPlatforms) = postSolution
		{ED57DC1A-B83A-4845-89E9-6831C947CD21}.Debug|Any CPU.ActiveCfg = Debug|Any CPU
		{ED57DC1A-B83A-4845-89E9-6831C947CD21}.Debug|Any CPU.Build.0 = Debug|Any CPU
		{ED57DC1A-B83A-4845-89E9-6831C947CD21}.Release|Any CPU.ActiveCfg = Release|Any CPU
		{ED57DC1A-B83A-4845-89E9-6831C947CD21}.Release|Any CPU.Build.0 = Release|Any CPU
	EndGlobalSection
	GlobalSection(SolutionProperties) = preSolution
		HideSolutionNode = FALSE
	EndGlobalSection
	GlobalSection(ExtensibilityGlobals) = postSolution
		SolutionGuid = {3B1012D6-D74A-4D41-B923-823980F799A2}
	EndGlobalSection
EndGlobal
