
Microsoft Visual Studio Solution File, Format Version 12.00
# Visual Studio Version 17
VisualStudioVersion = 17.5.33530.505
MinimumVisualStudioVersion = 10.0.40219.1
Project("{FAE04EC0-301F-11D3-BF4B-00C04F79EFBC}") = "Miniproject", "Miniproject\Miniproject.csproj", "{E6767463-5011-4AA8-9E12-84A6BB150E7B}"
EndProject
Project("{FAE04EC0-301F-11D3-BF4B-00C04F79EFBC}") = "DemoLibrary", "DemoLibrary\DemoLibrary.csproj", "{045289A1-7EFF-4960-AEE9-E66AA47AB343}"
EndProject
Global
	GlobalSection(SolutionConfigurationPlatforms) = preSolution
		Debug|Any CPU = Debug|Any CPU
		Release|Any CPU = Release|Any CPU
	EndGlobalSection
	GlobalSection(ProjectConfigurationPlatforms) = postSolution
		{E6767463-5011-4AA8-9E12-84A6BB150E7B}.Debug|Any CPU.ActiveCfg = Debug|Any CPU
		{E6767463-5011-4AA8-9E12-84A6BB150E7B}.Debug|Any CPU.Build.0 = Debug|Any CPU
		{E6767463-5011-4AA8-9E12-84A6BB150E7B}.Release|Any CPU.ActiveCfg = Release|Any CPU
		{E6767463-5011-4AA8-9E12-84A6BB150E7B}.Release|Any CPU.Build.0 = Release|Any CPU
		{045289A1-7EFF-4960-AEE9-E66AA47AB343}.Debug|Any CPU.ActiveCfg = Debug|Any CPU
		{045289A1-7EFF-4960-AEE9-E66AA47AB343}.Debug|Any CPU.Build.0 = Debug|Any CPU
		{045289A1-7EFF-4960-AEE9-E66AA47AB343}.Release|Any CPU.ActiveCfg = Release|Any CPU
		{045289A1-7EFF-4960-AEE9-E66AA47AB343}.Release|Any CPU.Build.0 = Release|Any CPU
	EndGlobalSection
	GlobalSection(SolutionProperties) = preSolution
		HideSolutionNode = FALSE
	EndGlobalSection
	GlobalSection(ExtensibilityGlobals) = postSolution
		SolutionGuid = {797E92BB-16B6-4540-98F3-E4AF76649D8D}
	EndGlobalSection
EndGlobal
