
Microsoft Visual Studio Solution File, Format Version 12.00
# Visual Studio Version 17
VisualStudioVersion = 17.5.33530.505
MinimumVisualStudioVersion = 10.0.40219.1
Project("{FAE04EC0-301F-11D3-BF4B-00C04F79EFBC}") = "WinFormsHomework", "WinFormsHomework\WinFormsHomework.csproj", "{2DFE04C4-9420-4800-A0BD-04FCAA0E9BA7}"
EndProject
Global
	GlobalSection(SolutionConfigurationPlatforms) = preSolution
		Debug|Any CPU = Debug|Any CPU
		Release|Any CPU = Release|Any CPU
	EndGlobalSection
	GlobalSection(ProjectConfigurationPlatforms) = postSolution
		{2DFE04C4-9420-4800-A0BD-04FCAA0E9BA7}.Debug|Any CPU.ActiveCfg = Debug|Any CPU
		{2DFE04C4-9420-4800-A0BD-04FCAA0E9BA7}.Debug|Any CPU.Build.0 = Debug|Any CPU
		{2DFE04C4-9420-4800-A0BD-04FCAA0E9BA7}.Release|Any CPU.ActiveCfg = Release|Any CPU
		{2DFE04C4-9420-4800-A0BD-04FCAA0E9BA7}.Release|Any CPU.Build.0 = Release|Any CPU
	EndGlobalSection
	GlobalSection(SolutionProperties) = preSolution
		HideSolutionNode = FALSE
	EndGlobalSection
	GlobalSection(ExtensibilityGlobals) = postSolution
		SolutionGuid = {E063D479-3B6C-4032-B5B6-CF938D061651}
	EndGlobalSection
EndGlobal
