
Microsoft Visual Studio Solution File, Format Version 12.00
# Visual Studio Version 17
VisualStudioVersion = 17.5.33516.290
MinimumVisualStudioVersion = 10.0.40219.1
Project("{FAE04EC0-301F-11D3-BF4B-00C04F79EFBC}") = "DateOnly", "DateOnly\DateOnly.csproj", "{E4BBD548-6A8F-4EDD-A3AB-8A49077A7B0A}"
EndProject
Global
	GlobalSection(SolutionConfigurationPlatforms) = preSolution
		Debug|Any CPU = Debug|Any CPU
		Release|Any CPU = Release|Any CPU
	EndGlobalSection
	GlobalSection(ProjectConfigurationPlatforms) = postSolution
		{E4BBD548-6A8F-4EDD-A3AB-8A49077A7B0A}.Debug|Any CPU.ActiveCfg = Debug|Any CPU
		{E4BBD548-6A8F-4EDD-A3AB-8A49077A7B0A}.Debug|Any CPU.Build.0 = Debug|Any CPU
		{E4BBD548-6A8F-4EDD-A3AB-8A49077A7B0A}.Release|Any CPU.ActiveCfg = Release|Any CPU
		{E4BBD548-6A8F-4EDD-A3AB-8A49077A7B0A}.Release|Any CPU.Build.0 = Release|Any CPU
	EndGlobalSection
	GlobalSection(SolutionProperties) = preSolution
		HideSolutionNode = FALSE
	EndGlobalSection
	GlobalSection(ExtensibilityGlobals) = postSolution
		SolutionGuid = {FF34AD2F-80C1-4E7E-B6EC-C43F6C69C6A1}
	EndGlobalSection
EndGlobal
