
Microsoft Visual Studio Solution File, Format Version 12.00
# Visual Studio Version 17
VisualStudioVersion = 17.6.33815.320
MinimumVisualStudioVersion = 10.0.40219.1
Project("{FAE04EC0-301F-11D3-BF4B-00C04F79EFBC}") = "CustomAuthentication", "CustomAuthentication\CustomAuthentication.csproj", "{E96A17BF-E166-4FF8-A9B9-A45DEDC956BB}"
EndProject
Global
	GlobalSection(SolutionConfigurationPlatforms) = preSolution
		Debug|Any CPU = Debug|Any CPU
		Release|Any CPU = Release|Any CPU
	EndGlobalSection
	GlobalSection(ProjectConfigurationPlatforms) = postSolution
		{E96A17BF-E166-4FF8-A9B9-A45DEDC956BB}.Debug|Any CPU.ActiveCfg = Debug|Any CPU
		{E96A17BF-E166-4FF8-A9B9-A45DEDC956BB}.Debug|Any CPU.Build.0 = Debug|Any CPU
		{E96A17BF-E166-4FF8-A9B9-A45DEDC956BB}.Release|Any CPU.ActiveCfg = Release|Any CPU
		{E96A17BF-E166-4FF8-A9B9-A45DEDC956BB}.Release|Any CPU.Build.0 = Release|Any CPU
	EndGlobalSection
	GlobalSection(SolutionProperties) = preSolution
		HideSolutionNode = FALSE
	EndGlobalSection
	GlobalSection(ExtensibilityGlobals) = postSolution
		SolutionGuid = {E583929B-1591-46D3-BD53-E48A34AF2CD3}
	EndGlobalSection
EndGlobal
