
Microsoft Visual Studio Solution File, Format Version 12.00
# Visual Studio Version 17
VisualStudioVersion = 17.5.33530.505
MinimumVisualStudioVersion = 10.0.40219.1
Project("{FAE04EC0-301F-11D3-BF4B-00C04F79EFBC}") = "CalculationLibrary", "CalculationLibrary\CalculationLibrary.csproj", "{FE9EDFA3-9276-41EA-8C6C-B2C6FB51ED79}"
EndProject
Project("{FAE04EC0-301F-11D3-BF4B-00C04F79EFBC}") = "CalculationCheck.Test", "CalculationCheck.Test\CalculationCheck.Test.csproj", "{220FA596-AE48-46A2-86FC-E29CB6D834D3}"
EndProject
Global
	GlobalSection(SolutionConfigurationPlatforms) = preSolution
		Debug|Any CPU = Debug|Any CPU
		Release|Any CPU = Release|Any CPU
	EndGlobalSection
	GlobalSection(ProjectConfigurationPlatforms) = postSolution
		{FE9EDFA3-9276-41EA-8C6C-B2C6FB51ED79}.Debug|Any CPU.ActiveCfg = Debug|Any CPU
		{FE9EDFA3-9276-41EA-8C6C-B2C6FB51ED79}.Debug|Any CPU.Build.0 = Debug|Any CPU
		{FE9EDFA3-9276-41EA-8C6C-B2C6FB51ED79}.Release|Any CPU.ActiveCfg = Release|Any CPU
		{FE9EDFA3-9276-41EA-8C6C-B2C6FB51ED79}.Release|Any CPU.Build.0 = Release|Any CPU
		{220FA596-AE48-46A2-86FC-E29CB6D834D3}.Debug|Any CPU.ActiveCfg = Debug|Any CPU
		{220FA596-AE48-46A2-86FC-E29CB6D834D3}.Debug|Any CPU.Build.0 = Debug|Any CPU
		{220FA596-AE48-46A2-86FC-E29CB6D834D3}.Release|Any CPU.ActiveCfg = Release|Any CPU
		{220FA596-AE48-46A2-86FC-E29CB6D834D3}.Release|Any CPU.Build.0 = Release|Any CPU
	EndGlobalSection
	GlobalSection(SolutionProperties) = preSolution
		HideSolutionNode = FALSE
	EndGlobalSection
	GlobalSection(ExtensibilityGlobals) = postSolution
		SolutionGuid = {727892E3-0303-426F-A5A5-5C39ED712AE2}
	EndGlobalSection
EndGlobal
