
Microsoft Visual Studio Solution File, Format Version 12.00
# Visual Studio Version 17
VisualStudioVersion = 17.5.33530.505
MinimumVisualStudioVersion = 10.0.40219.1
Project("{FAE04EC0-301F-11D3-BF4B-00C04F79EFBC}") = "WPFMessageWall", "WPFMessageWall\WPFMessageWall.csproj", "{1A2383C7-F3AE-4E0C-B9B6-661C611049A8}"
EndProject
Project("{FAE04EC0-301F-11D3-BF4B-00C04F79EFBC}") = "WPFFrameworkDemoUI", "WPFFrameworkDemoUI\WPFFrameworkDemoUI.csproj", "{389AD9B4-16FD-4F1C-BB63-9A31ADD6B482}"
EndProject
Global
	GlobalSection(SolutionConfigurationPlatforms) = preSolution
		Debug|Any CPU = Debug|Any CPU
		Release|Any CPU = Release|Any CPU
	EndGlobalSection
	GlobalSection(ProjectConfigurationPlatforms) = postSolution
		{1A2383C7-F3AE-4E0C-B9B6-661C611049A8}.Debug|Any CPU.ActiveCfg = Debug|Any CPU
		{1A2383C7-F3AE-4E0C-B9B6-661C611049A8}.Debug|Any CPU.Build.0 = Debug|Any CPU
		{1A2383C7-F3AE-4E0C-B9B6-661C611049A8}.Release|Any CPU.ActiveCfg = Release|Any CPU
		{1A2383C7-F3AE-4E0C-B9B6-661C611049A8}.Release|Any CPU.Build.0 = Release|Any CPU
		{389AD9B4-16FD-4F1C-BB63-9A31ADD6B482}.Debug|Any CPU.ActiveCfg = Debug|Any CPU
		{389AD9B4-16FD-4F1C-BB63-9A31ADD6B482}.Debug|Any CPU.Build.0 = Debug|Any CPU
		{389AD9B4-16FD-4F1C-BB63-9A31ADD6B482}.Release|Any CPU.ActiveCfg = Release|Any CPU
		{389AD9B4-16FD-4F1C-BB63-9A31ADD6B482}.Release|Any CPU.Build.0 = Release|Any CPU
	EndGlobalSection
	GlobalSection(SolutionProperties) = preSolution
		HideSolutionNode = FALSE
	EndGlobalSection
	GlobalSection(ExtensibilityGlobals) = postSolution
		SolutionGuid = {73CA4039-889D-407B-B861-445D0CDEBA74}
	EndGlobalSection
EndGlobal
