
Microsoft Visual Studio Solution File, Format Version 12.00
# Visual Studio Version 17
VisualStudioVersion = 17.5.33516.290
MinimumVisualStudioVersion = 10.0.40219.1
Project("{FAE04EC0-301F-11D3-BF4B-00C04F79EFBC}") = "HomeworkNamespace", "HomeworkNamespace\HomeworkNamespace.csproj", "{555DBCFA-6F3F-4217-BB4C-C6EE87AD6C51}"
EndProject
Global
	GlobalSection(SolutionConfigurationPlatforms) = preSolution
		Debug|Any CPU = Debug|Any CPU
		Release|Any CPU = Release|Any CPU
	EndGlobalSection
	GlobalSection(ProjectConfigurationPlatforms) = postSolution
		{555DBCFA-6F3F-4217-BB4C-C6EE87AD6C51}.Debug|Any CPU.ActiveCfg = Debug|Any CPU
		{555DBCFA-6F3F-4217-BB4C-C6EE87AD6C51}.Debug|Any CPU.Build.0 = Debug|Any CPU
		{555DBCFA-6F3F-4217-BB4C-C6EE87AD6C51}.Release|Any CPU.ActiveCfg = Release|Any CPU
		{555DBCFA-6F3F-4217-BB4C-C6EE87AD6C51}.Release|Any CPU.Build.0 = Release|Any CPU
	EndGlobalSection
	GlobalSection(SolutionProperties) = preSolution
		HideSolutionNode = FALSE
	EndGlobalSection
	GlobalSection(ExtensibilityGlobals) = postSolution
		SolutionGuid = {E8C4ACEC-2F87-487C-9A1B-8884F8A5313B}
	EndGlobalSection
EndGlobal
