
Microsoft Visual Studio Solution File, Format Version 12.00
# Visual Studio Version 17
VisualStudioVersion = 17.5.33516.290
MinimumVisualStudioVersion = 10.0.40219.1
Project("{FAE04EC0-301F-11D3-BF4B-00C04F79EFBC}") = "String", "String\String.csproj", "{EBFFA8AD-4515-4B8E-9C17-B6E40C723F3C}"
EndProject
Global
	GlobalSection(SolutionConfigurationPlatforms) = preSolution
		Debug|Any CPU = Debug|Any CPU
		Release|Any CPU = Release|Any CPU
	EndGlobalSection
	GlobalSection(ProjectConfigurationPlatforms) = postSolution
		{EBFFA8AD-4515-4B8E-9C17-B6E40C723F3C}.Debug|Any CPU.ActiveCfg = Debug|Any CPU
		{EBFFA8AD-4515-4B8E-9C17-B6E40C723F3C}.Debug|Any CPU.Build.0 = Debug|Any CPU
		{EBFFA8AD-4515-4B8E-9C17-B6E40C723F3C}.Release|Any CPU.ActiveCfg = Release|Any CPU
		{EBFFA8AD-4515-4B8E-9C17-B6E40C723F3C}.Release|Any CPU.Build.0 = Release|Any CPU
	EndGlobalSection
	GlobalSection(SolutionProperties) = preSolution
		HideSolutionNode = FALSE
	EndGlobalSection
	GlobalSection(ExtensibilityGlobals) = postSolution
		SolutionGuid = {B393E7DC-673D-40F3-9BE3-9C70EBB495C6}
	EndGlobalSection
EndGlobal
