
Microsoft Visual Studio Solution File, Format Version 12.00
# Visual Studio Version 17
VisualStudioVersion = 17.5.33530.505
MinimumVisualStudioVersion = 10.0.40219.1
Project("{FAE04EC0-301F-11D3-BF4B-00C04F79EFBC}") = "TextFileUI", "TextFileUI\TextFileUI.csproj", "{173772D7-6EDE-469A-9DF6-2CC1C44C997F}"
EndProject
Project("{FAE04EC0-301F-11D3-BF4B-00C04F79EFBC}") = "DataAccessLibrary", "DataAccessLibrary\DataAccessLibrary.csproj", "{A56D516B-9FAD-4407-902B-4166C86F2D01}"
EndProject
Global
	GlobalSection(SolutionConfigurationPlatforms) = preSolution
		Debug|Any CPU = Debug|Any CPU
		Release|Any CPU = Release|Any CPU
	EndGlobalSection
	GlobalSection(ProjectConfigurationPlatforms) = postSolution
		{173772D7-6EDE-469A-9DF6-2CC1C44C997F}.Debug|Any CPU.ActiveCfg = Debug|Any CPU
		{173772D7-6EDE-469A-9DF6-2CC1C44C997F}.Debug|Any CPU.Build.0 = Debug|Any CPU
		{173772D7-6EDE-469A-9DF6-2CC1C44C997F}.Release|Any CPU.ActiveCfg = Release|Any CPU
		{173772D7-6EDE-469A-9DF6-2CC1C44C997F}.Release|Any CPU.Build.0 = Release|Any CPU
		{A56D516B-9FAD-4407-902B-4166C86F2D01}.Debug|Any CPU.ActiveCfg = Debug|Any CPU
		{A56D516B-9FAD-4407-902B-4166C86F2D01}.Debug|Any CPU.Build.0 = Debug|Any CPU
		{A56D516B-9FAD-4407-902B-4166C86F2D01}.Release|Any CPU.ActiveCfg = Release|Any CPU
		{A56D516B-9FAD-4407-902B-4166C86F2D01}.Release|Any CPU.Build.0 = Release|Any CPU
	EndGlobalSection
	GlobalSection(SolutionProperties) = preSolution
		HideSolutionNode = FALSE
	EndGlobalSection
	GlobalSection(ExtensibilityGlobals) = postSolution
		SolutionGuid = {E01E1D20-6B75-4759-9132-C62051223A55}
	EndGlobalSection
EndGlobal
