
Microsoft Visual Studio Solution File, Format Version 12.00
# Visual Studio Version 17
VisualStudioVersion = 17.6.33815.320
MinimumVisualStudioVersion = 10.0.40219.1
Project("{FAE04EC0-301F-11D3-BF4B-00C04F79EFBC}") = "NZWalks.Api", "NZWalks.Api\NZWalks.Api.csproj", "{20E12F52-CFEE-48AB-BEC6-8C70FF03D909}"
EndProject
Global
	GlobalSection(SolutionConfigurationPlatforms) = preSolution
		Debug|Any CPU = Debug|Any CPU
		Release|Any CPU = Release|Any CPU
	EndGlobalSection
	GlobalSection(ProjectConfigurationPlatforms) = postSolution
		{20E12F52-CFEE-48AB-BEC6-8C70FF03D909}.Debug|Any CPU.ActiveCfg = Debug|Any CPU
		{20E12F52-CFEE-48AB-BEC6-8C70FF03D909}.Debug|Any CPU.Build.0 = Debug|Any CPU
		{20E12F52-CFEE-48AB-BEC6-8C70FF03D909}.Release|Any CPU.ActiveCfg = Release|Any CPU
		{20E12F52-CFEE-48AB-BEC6-8C70FF03D909}.Release|Any CPU.Build.0 = Release|Any CPU
	EndGlobalSection
	GlobalSection(SolutionProperties) = preSolution
		HideSolutionNode = FALSE
	EndGlobalSection
	GlobalSection(ExtensibilityGlobals) = postSolution
		SolutionGuid = {972DF9A7-BE31-42E4-8843-19CC2869C985}
	EndGlobalSection
EndGlobal
