
Microsoft Visual Studio Solution File, Format Version 12.00
# Visual Studio Version 17
VisualStudioVersion = 17.5.33516.290
MinimumVisualStudioVersion = 10.0.40219.1
Project("{FAE04EC0-301F-11D3-BF4B-00C04F79EFBC}") = "AdvancedBreakPoint", "AdvancedBreakPoint\AdvancedBreakPoint.csproj", "{35BDF049-6B5D-4D72-B20F-E44A426A9C8A}"
EndProject
Global
	GlobalSection(SolutionConfigurationPlatforms) = preSolution
		Debug|Any CPU = Debug|Any CPU
		Release|Any CPU = Release|Any CPU
	EndGlobalSection
	GlobalSection(ProjectConfigurationPlatforms) = postSolution
		{35BDF049-6B5D-4D72-B20F-E44A426A9C8A}.Debug|Any CPU.ActiveCfg = Debug|Any CPU
		{35BDF049-6B5D-4D72-B20F-E44A426A9C8A}.Debug|Any CPU.Build.0 = Debug|Any CPU
		{35BDF049-6B5D-4D72-B20F-E44A426A9C8A}.Release|Any CPU.ActiveCfg = Release|Any CPU
		{35BDF049-6B5D-4D72-B20F-E44A426A9C8A}.Release|Any CPU.Build.0 = Release|Any CPU
	EndGlobalSection
	GlobalSection(SolutionProperties) = preSolution
		HideSolutionNode = FALSE
	EndGlobalSection
	GlobalSection(ExtensibilityGlobals) = postSolution
		SolutionGuid = {CB5EAC17-A779-40DF-8469-678672E5430A}
	EndGlobalSection
EndGlobal
