
Microsoft Visual Studio Solution File, Format Version 12.00
# Visual Studio Version 17
VisualStudioVersion = 17.5.33530.505
MinimumVisualStudioVersion = 10.0.40219.1
Project("{FAE04EC0-301F-11D3-BF4B-00C04F79EFBC}") = "MVCMessageWallDemo", "MVCMessageWallDemo\MVCMessageWallDemo.csproj", "{3ADE1E0D-0741-40EB-94EE-D1B7F7554E38}"
EndProject
Global
	GlobalSection(SolutionConfigurationPlatforms) = preSolution
		Debug|Any CPU = Debug|Any CPU
		Release|Any CPU = Release|Any CPU
	EndGlobalSection
	GlobalSection(ProjectConfigurationPlatforms) = postSolution
		{3ADE1E0D-0741-40EB-94EE-D1B7F7554E38}.Debug|Any CPU.ActiveCfg = Debug|Any CPU
		{3ADE1E0D-0741-40EB-94EE-D1B7F7554E38}.Debug|Any CPU.Build.0 = Debug|Any CPU
		{3ADE1E0D-0741-40EB-94EE-D1B7F7554E38}.Release|Any CPU.ActiveCfg = Release|Any CPU
		{3ADE1E0D-0741-40EB-94EE-D1B7F7554E38}.Release|Any CPU.Build.0 = Release|Any CPU
	EndGlobalSection
	GlobalSection(SolutionProperties) = preSolution
		HideSolutionNode = FALSE
	EndGlobalSection
	GlobalSection(ExtensibilityGlobals) = postSolution
		SolutionGuid = {9FF179E2-5612-4A67-9E8E-12901E3BD4C6}
	EndGlobalSection
EndGlobal
